
Microsoft Visual Studio Solution File, Format Version 12.00
# Visual Studio Version 17
VisualStudioVersion = 17.5.33414.496
MinimumVisualStudioVersion = 10.0.40219.1
Project("{FAE04EC0-301F-11D3-BF4B-00C04F79EFBC}") = "Exercicio2Veiculo", "Exercicio2Veiculo\Exercicio2Veiculo.csproj", "{7C3F8CBC-39DA-4D55-B269-189A58678A22}"
EndProject
Global
	GlobalSection(SolutionConfigurationPlatforms) = preSolution
		Debug|Any CPU = Debug|Any CPU
		Release|Any CPU = Release|Any CPU
	EndGlobalSection
	GlobalSection(ProjectConfigurationPlatforms) = postSolution
		{7C3F8CBC-39DA-4D55-B269-189A58678A22}.Debug|Any CPU.ActiveCfg = Debug|Any CPU
		{7C3F8CBC-39DA-4D55-B269-189A58678A22}.Debug|Any CPU.Build.0 = Debug|Any CPU
		{7C3F8CBC-39DA-4D55-B269-189A58678A22}.Release|Any CPU.ActiveCfg = Release|Any CPU
		{7C3F8CBC-39DA-4D55-B269-189A58678A22}.Release|Any CPU.Build.0 = Release|Any CPU
	EndGlobalSection
	GlobalSection(SolutionProperties) = preSolution
		HideSolutionNode = FALSE
	EndGlobalSection
	GlobalSection(ExtensibilityGlobals) = postSolution
		SolutionGuid = {2C33AB64-A516-49D8-BC1E-DFEC34C08038}
	EndGlobalSection
EndGlobal
